// !$*UTF8*$!
{
	archiveVersion = 1;
	classes = {
	};
	objectVersion = 55;
	objects = {

/* Begin PBXBuildFile section */
		FA18A30D28E8EBBB004A9392 /* UserPostsApp.swift in Sources */ = {isa = PBXBuildFile; fileRef = FA18A30C28E8EBBB004A9392 /* UserPostsApp.swift */; };
		FA18A30F28E8EBBB004A9392 /* UsersView.swift in Sources */ = {isa = PBXBuildFile; fileRef = FA18A30E28E8EBBB004A9392 /* UsersView.swift */; };
		FA18A31128E8EBC0004A9392 /* Assets.xcassets in Resources */ = {isa = PBXBuildFile; fileRef = FA18A31028E8EBC0004A9392 /* Assets.xcassets */; };
		FA18A31428E8EBC0004A9392 /* Preview Assets.xcassets in Resources */ = {isa = PBXBuildFile; fileRef = FA18A31328E8EBC0004A9392 /* Preview Assets.xcassets */; };
		FA18A31628E8EBC0004A9392 /* Persistence.swift in Sources */ = {isa = PBXBuildFile; fileRef = FA18A31528E8EBC0004A9392 /* Persistence.swift */; };
		FA18A31928E8EBC0004A9392 /* UserPosts.xcdatamodeld in Sources */ = {isa = PBXBuildFile; fileRef = FA18A31728E8EBC0004A9392 /* UserPosts.xcdatamodeld */; };
		FA18A32328E8EBC0004A9392 /* UserPostsTests.swift in Sources */ = {isa = PBXBuildFile; fileRef = FA18A32228E8EBC0004A9392 /* UserPostsTests.swift */; };
		FA18A32D28E8EBC0004A9392 /* UserPostsUITests.swift in Sources */ = {isa = PBXBuildFile; fileRef = FA18A32C28E8EBC0004A9392 /* UserPostsUITests.swift */; };
		FA18A32F28E8EBC0004A9392 /* UserPostsUITestsLaunchTests.swift in Sources */ = {isa = PBXBuildFile; fileRef = FA18A32E28E8EBC0004A9392 /* UserPostsUITestsLaunchTests.swift */; };
		FA6C130628E9247C008050D9 /* UsersListView.swift in Sources */ = {isa = PBXBuildFile; fileRef = FA6C130528E9247C008050D9 /* UsersListView.swift */; };
		FA8EBCFC28E930F000D5FBB2 /* UsersViewModel.swift in Sources */ = {isa = PBXBuildFile; fileRef = FA8EBCFB28E930F000D5FBB2 /* UsersViewModel.swift */; };
		FA8EBD0128E93E9000D5FBB2 /* PostsUserView.swift in Sources */ = {isa = PBXBuildFile; fileRef = FA8EBD0028E93E9000D5FBB2 /* PostsUserView.swift */; };
		FA8EBD0328E93E9B00D5FBB2 /* PostView.swift in Sources */ = {isa = PBXBuildFile; fileRef = FA8EBD0228E93E9B00D5FBB2 /* PostView.swift */; };
		FA8EBD0528E9F55500D5FBB2 /* User.swift in Sources */ = {isa = PBXBuildFile; fileRef = FA8EBD0428E9F55500D5FBB2 /* User.swift */; };
		FA8EBD0728E9F61300D5FBB2 /* UsersRemoteDataSource.swift in Sources */ = {isa = PBXBuildFile; fileRef = FA8EBD0628E9F61300D5FBB2 /* UsersRemoteDataSource.swift */; };
		FA8EBD0928E9F63000D5FBB2 /* UsersRepository.swift in Sources */ = {isa = PBXBuildFile; fileRef = FA8EBD0828E9F63000D5FBB2 /* UsersRepository.swift */; };
		FA8EBD0B28E9F67500D5FBB2 /* UsersURLSDataSource.swift in Sources */ = {isa = PBXBuildFile; fileRef = FA8EBD0A28E9F67500D5FBB2 /* UsersURLSDataSource.swift */; };
		FA8EBD0D28E9F69D00D5FBB2 /* URLSConstants.swift in Sources */ = {isa = PBXBuildFile; fileRef = FA8EBD0C28E9F69D00D5FBB2 /* URLSConstants.swift */; };
		FA8EBD1128E9F76400D5FBB2 /* URLSEndpoints.swift in Sources */ = {isa = PBXBuildFile; fileRef = FA8EBD1028E9F76400D5FBB2 /* URLSEndpoints.swift */; };
		FA8EBD1628EA043400D5FBB2 /* RemoteError.swift in Sources */ = {isa = PBXBuildFile; fileRef = FA8EBD1528EA043400D5FBB2 /* RemoteError.swift */; };
		FA8EBD1828EA04EC00D5FBB2 /* URLSBaseRequester.swift in Sources */ = {isa = PBXBuildFile; fileRef = FA8EBD1728EA04EC00D5FBB2 /* URLSBaseRequester.swift */; };
		FA8EBD1B28EA087900D5FBB2 /* GetUsersFromRemoteUseCase.swift in Sources */ = {isa = PBXBuildFile; fileRef = FA8EBD1A28EA087900D5FBB2 /* GetUsersFromRemoteUseCase.swift */; };
		FA8EBD1E28EA14E100D5FBB2 /* UserItemView.swift in Sources */ = {isa = PBXBuildFile; fileRef = FA8EBD1D28EA14E100D5FBB2 /* UserItemView.swift */; };
		FA8EBD2028EA22BF00D5FBB2 /* GetPostsOfUserRemoteUseCase.swift in Sources */ = {isa = PBXBuildFile; fileRef = FA8EBD1F28EA22BF00D5FBB2 /* GetPostsOfUserRemoteUseCase.swift */; };
		FA8EBD2228EA232100D5FBB2 /* UserPost.swift in Sources */ = {isa = PBXBuildFile; fileRef = FA8EBD2128EA232100D5FBB2 /* UserPost.swift */; };
		FA8EBD2428EA257300D5FBB2 /* PostsListView.swift in Sources */ = {isa = PBXBuildFile; fileRef = FA8EBD2328EA257300D5FBB2 /* PostsListView.swift */; };
		FA8EBD2728EA350E00D5FBB2 /* PostsViewModel.swift in Sources */ = {isa = PBXBuildFile; fileRef = FA8EBD2628EA350E00D5FBB2 /* PostsViewModel.swift */; };
		FA8EBD2B28EA3CEE00D5FBB2 /* UsersLocalDataSource.swift in Sources */ = {isa = PBXBuildFile; fileRef = FA8EBD2A28EA3CEE00D5FBB2 /* UsersLocalDataSource.swift */; };
		FA8EBD2D28EA3D4C00D5FBB2 /* UsersCoreDataDataSource.swift in Sources */ = {isa = PBXBuildFile; fileRef = FA8EBD2C28EA3D4C00D5FBB2 /* UsersCoreDataDataSource.swift */; };
		FA8EBD3A28EA40F400D5FBB2 /* UserCD+CoreDataClass.swift in Sources */ = {isa = PBXBuildFile; fileRef = FA8EBD3828EA40F400D5FBB2 /* UserCD+CoreDataClass.swift */; };
		FA8EBD3E28EA420100D5FBB2 /* UserAdapter.swift in Sources */ = {isa = PBXBuildFile; fileRef = FA8EBD3D28EA420100D5FBB2 /* UserAdapter.swift */; };
		FA8EBD4228EA428C00D5FBB2 /* UserCD+CoreDataProperties.swift in Sources */ = {isa = PBXBuildFile; fileRef = FA8EBD4128EA428C00D5FBB2 /* UserCD+CoreDataProperties.swift */; };
		FA8EBD4428EA43B200D5FBB2 /* LocalError.swift in Sources */ = {isa = PBXBuildFile; fileRef = FA8EBD4328EA43B200D5FBB2 /* LocalError.swift */; };
		FA8EBD4628EA475500D5FBB2 /* GetUsersFromLocalUseCase.swift in Sources */ = {isa = PBXBuildFile; fileRef = FA8EBD4528EA475500D5FBB2 /* GetUsersFromLocalUseCase.swift */; };
		FA8EBD4828EA486800D5FBB2 /* SaveUsersToLocalUseCase.swift in Sources */ = {isa = PBXBuildFile; fileRef = FA8EBD4728EA486800D5FBB2 /* SaveUsersToLocalUseCase.swift */; };
		FA8EBD4C28EA587100D5FBB2 /* UsersURLSDataSourceTests.swift in Sources */ = {isa = PBXBuildFile; fileRef = FA8EBD4B28EA587100D5FBB2 /* UsersURLSDataSourceTests.swift */; };
		FA8EBD4E28EA589800D5FBB2 /* URLSessionRequestsTests.swift in Sources */ = {isa = PBXBuildFile; fileRef = FA8EBD4D28EA589800D5FBB2 /* URLSessionRequestsTests.swift */; };
		FA8EBD5128EA5EAE00D5FBB2 /* UsersRepositoryTests.swift in Sources */ = {isa = PBXBuildFile; fileRef = FA8EBD5028EA5EAE00D5FBB2 /* UsersRepositoryTests.swift */; };
		FA8EBD5428EA621D00D5FBB2 /* UseCasesTests.swift in Sources */ = {isa = PBXBuildFile; fileRef = FA8EBD5328EA621D00D5FBB2 /* UseCasesTests.swift */; };
		FA8EBD5728EA653E00D5FBB2 /* UsersViewModelTests.swift in Sources */ = {isa = PBXBuildFile; fileRef = FA8EBD5628EA653E00D5FBB2 /* UsersViewModelTests.swift */; };
		FA8EBD5928EA676700D5FBB2 /* PostsViewModelTests.swift in Sources */ = {isa = PBXBuildFile; fileRef = FA8EBD5828EA676700D5FBB2 /* PostsViewModelTests.swift */; };
/* End PBXBuildFile section */

/* Begin PBXContainerItemProxy section */
		FA18A31F28E8EBC0004A9392 /* PBXContainerItemProxy */ = {
			isa = PBXContainerItemProxy;
			containerPortal = FA18A30128E8EBBB004A9392 /* Project object */;
			proxyType = 1;
			remoteGlobalIDString = FA18A30828E8EBBB004A9392;
			remoteInfo = UserPosts;
		};
		FA18A32928E8EBC0004A9392 /* PBXContainerItemProxy */ = {
			isa = PBXContainerItemProxy;
			containerPortal = FA18A30128E8EBBB004A9392 /* Project object */;
			proxyType = 1;
			remoteGlobalIDString = FA18A30828E8EBBB004A9392;
			remoteInfo = UserPosts;
		};
/* End PBXContainerItemProxy section */

/* Begin PBXFileReference section */
		FA18A30928E8EBBB004A9392 /* UserPosts.app */ = {isa = PBXFileReference; explicitFileType = wrapper.application; includeInIndex = 0; path = UserPosts.app; sourceTree = BUILT_PRODUCTS_DIR; };
		FA18A30C28E8EBBB004A9392 /* UserPostsApp.swift */ = {isa = PBXFileReference; lastKnownFileType = sourcecode.swift; path = UserPostsApp.swift; sourceTree = "<group>"; };
		FA18A30E28E8EBBB004A9392 /* UsersView.swift */ = {isa = PBXFileReference; lastKnownFileType = sourcecode.swift; path = UsersView.swift; sourceTree = "<group>"; };
		FA18A31028E8EBC0004A9392 /* Assets.xcassets */ = {isa = PBXFileReference; lastKnownFileType = folder.assetcatalog; path = Assets.xcassets; sourceTree = "<group>"; };
		FA18A31328E8EBC0004A9392 /* Preview Assets.xcassets */ = {isa = PBXFileReference; lastKnownFileType = folder.assetcatalog; path = "Preview Assets.xcassets"; sourceTree = "<group>"; };
		FA18A31528E8EBC0004A9392 /* Persistence.swift */ = {isa = PBXFileReference; lastKnownFileType = sourcecode.swift; path = Persistence.swift; sourceTree = "<group>"; };
		FA18A31828E8EBC0004A9392 /* UserPosts.xcdatamodel */ = {isa = PBXFileReference; lastKnownFileType = wrapper.xcdatamodel; path = UserPosts.xcdatamodel; sourceTree = "<group>"; };
		FA18A31E28E8EBC0004A9392 /* UserPostsTests.xctest */ = {isa = PBXFileReference; explicitFileType = wrapper.cfbundle; includeInIndex = 0; path = UserPostsTests.xctest; sourceTree = BUILT_PRODUCTS_DIR; };
		FA18A32228E8EBC0004A9392 /* UserPostsTests.swift */ = {isa = PBXFileReference; lastKnownFileType = sourcecode.swift; path = UserPostsTests.swift; sourceTree = "<group>"; };
		FA18A32828E8EBC0004A9392 /* UserPostsUITests.xctest */ = {isa = PBXFileReference; explicitFileType = wrapper.cfbundle; includeInIndex = 0; path = UserPostsUITests.xctest; sourceTree = BUILT_PRODUCTS_DIR; };
		FA18A32C28E8EBC0004A9392 /* UserPostsUITests.swift */ = {isa = PBXFileReference; lastKnownFileType = sourcecode.swift; path = UserPostsUITests.swift; sourceTree = "<group>"; };
		FA18A32E28E8EBC0004A9392 /* UserPostsUITestsLaunchTests.swift */ = {isa = PBXFileReference; lastKnownFileType = sourcecode.swift; path = UserPostsUITestsLaunchTests.swift; sourceTree = "<group>"; };
		FA6C130528E9247C008050D9 /* UsersListView.swift */ = {isa = PBXFileReference; lastKnownFileType = sourcecode.swift; path = UsersListView.swift; sourceTree = "<group>"; };
		FA8EBCFB28E930F000D5FBB2 /* UsersViewModel.swift */ = {isa = PBXFileReference; lastKnownFileType = sourcecode.swift; path = UsersViewModel.swift; sourceTree = "<group>"; };
		FA8EBD0028E93E9000D5FBB2 /* PostsUserView.swift */ = {isa = PBXFileReference; lastKnownFileType = sourcecode.swift; path = PostsUserView.swift; sourceTree = "<group>"; };
		FA8EBD0228E93E9B00D5FBB2 /* PostView.swift */ = {isa = PBXFileReference; lastKnownFileType = sourcecode.swift; path = PostView.swift; sourceTree = "<group>"; };
		FA8EBD0428E9F55500D5FBB2 /* User.swift */ = {isa = PBXFileReference; lastKnownFileType = sourcecode.swift; path = User.swift; sourceTree = "<group>"; };
		FA8EBD0628E9F61300D5FBB2 /* UsersRemoteDataSource.swift */ = {isa = PBXFileReference; lastKnownFileType = sourcecode.swift; path = UsersRemoteDataSource.swift; sourceTree = "<group>"; };
		FA8EBD0828E9F63000D5FBB2 /* UsersRepository.swift */ = {isa = PBXFileReference; lastKnownFileType = sourcecode.swift; path = UsersRepository.swift; sourceTree = "<group>"; };
		FA8EBD0A28E9F67500D5FBB2 /* UsersURLSDataSource.swift */ = {isa = PBXFileReference; lastKnownFileType = sourcecode.swift; path = UsersURLSDataSource.swift; sourceTree = "<group>"; };
		FA8EBD0C28E9F69D00D5FBB2 /* URLSConstants.swift */ = {isa = PBXFileReference; lastKnownFileType = sourcecode.swift; path = URLSConstants.swift; sourceTree = "<group>"; };
		FA8EBD1028E9F76400D5FBB2 /* URLSEndpoints.swift */ = {isa = PBXFileReference; lastKnownFileType = sourcecode.swift; path = URLSEndpoints.swift; sourceTree = "<group>"; };
		FA8EBD1528EA043400D5FBB2 /* RemoteError.swift */ = {isa = PBXFileReference; lastKnownFileType = sourcecode.swift; path = RemoteError.swift; sourceTree = "<group>"; };
		FA8EBD1728EA04EC00D5FBB2 /* URLSBaseRequester.swift */ = {isa = PBXFileReference; lastKnownFileType = sourcecode.swift; path = URLSBaseRequester.swift; sourceTree = "<group>"; };
		FA8EBD1A28EA087900D5FBB2 /* GetUsersFromRemoteUseCase.swift */ = {isa = PBXFileReference; lastKnownFileType = sourcecode.swift; path = GetUsersFromRemoteUseCase.swift; sourceTree = "<group>"; };
		FA8EBD1D28EA14E100D5FBB2 /* UserItemView.swift */ = {isa = PBXFileReference; lastKnownFileType = sourcecode.swift; path = UserItemView.swift; sourceTree = "<group>"; };
		FA8EBD1F28EA22BF00D5FBB2 /* GetPostsOfUserRemoteUseCase.swift */ = {isa = PBXFileReference; lastKnownFileType = sourcecode.swift; path = GetPostsOfUserRemoteUseCase.swift; sourceTree = "<group>"; };
		FA8EBD2128EA232100D5FBB2 /* UserPost.swift */ = {isa = PBXFileReference; lastKnownFileType = sourcecode.swift; path = UserPost.swift; sourceTree = "<group>"; };
		FA8EBD2328EA257300D5FBB2 /* PostsListView.swift */ = {isa = PBXFileReference; lastKnownFileType = sourcecode.swift; path = PostsListView.swift; sourceTree = "<group>"; };
		FA8EBD2628EA350E00D5FBB2 /* PostsViewModel.swift */ = {isa = PBXFileReference; lastKnownFileType = sourcecode.swift; path = PostsViewModel.swift; sourceTree = "<group>"; };
		FA8EBD2A28EA3CEE00D5FBB2 /* UsersLocalDataSource.swift */ = {isa = PBXFileReference; lastKnownFileType = sourcecode.swift; path = UsersLocalDataSource.swift; sourceTree = "<group>"; };
		FA8EBD2C28EA3D4C00D5FBB2 /* UsersCoreDataDataSource.swift */ = {isa = PBXFileReference; lastKnownFileType = sourcecode.swift; path = UsersCoreDataDataSource.swift; sourceTree = "<group>"; };
		FA8EBD3828EA40F400D5FBB2 /* UserCD+CoreDataClass.swift */ = {isa = PBXFileReference; lastKnownFileType = sourcecode.swift; path = "UserCD+CoreDataClass.swift"; sourceTree = "<group>"; };
		FA8EBD3D28EA420100D5FBB2 /* UserAdapter.swift */ = {isa = PBXFileReference; lastKnownFileType = sourcecode.swift; path = UserAdapter.swift; sourceTree = "<group>"; };
		FA8EBD4128EA428C00D5FBB2 /* UserCD+CoreDataProperties.swift */ = {isa = PBXFileReference; lastKnownFileType = sourcecode.swift; path = "UserCD+CoreDataProperties.swift"; sourceTree = "<group>"; };
		FA8EBD4328EA43B200D5FBB2 /* LocalError.swift */ = {isa = PBXFileReference; lastKnownFileType = sourcecode.swift; path = LocalError.swift; sourceTree = "<group>"; };
		FA8EBD4528EA475500D5FBB2 /* GetUsersFromLocalUseCase.swift */ = {isa = PBXFileReference; lastKnownFileType = sourcecode.swift; path = GetUsersFromLocalUseCase.swift; sourceTree = "<group>"; };
		FA8EBD4728EA486800D5FBB2 /* SaveUsersToLocalUseCase.swift */ = {isa = PBXFileReference; lastKnownFileType = sourcecode.swift; path = SaveUsersToLocalUseCase.swift; sourceTree = "<group>"; };
		FA8EBD4B28EA587100D5FBB2 /* UsersURLSDataSourceTests.swift */ = {isa = PBXFileReference; lastKnownFileType = sourcecode.swift; path = UsersURLSDataSourceTests.swift; sourceTree = "<group>"; };
		FA8EBD4D28EA589800D5FBB2 /* URLSessionRequestsTests.swift */ = {isa = PBXFileReference; lastKnownFileType = sourcecode.swift; path = URLSessionRequestsTests.swift; sourceTree = "<group>"; };
		FA8EBD5028EA5EAE00D5FBB2 /* UsersRepositoryTests.swift */ = {isa = PBXFileReference; lastKnownFileType = sourcecode.swift; path = UsersRepositoryTests.swift; sourceTree = "<group>"; };
		FA8EBD5328EA621D00D5FBB2 /* UseCasesTests.swift */ = {isa = PBXFileReference; lastKnownFileType = sourcecode.swift; path = UseCasesTests.swift; sourceTree = "<group>"; };
		FA8EBD5628EA653E00D5FBB2 /* UsersViewModelTests.swift */ = {isa = PBXFileReference; lastKnownFileType = sourcecode.swift; path = UsersViewModelTests.swift; sourceTree = "<group>"; };
		FA8EBD5828EA676700D5FBB2 /* PostsViewModelTests.swift */ = {isa = PBXFileReference; lastKnownFileType = sourcecode.swift; path = PostsViewModelTests.swift; sourceTree = "<group>"; };
/* End PBXFileReference section */

/* Begin PBXFrameworksBuildPhase section */
		FA18A30628E8EBBB004A9392 /* Frameworks */ = {
			isa = PBXFrameworksBuildPhase;
			buildActionMask = 2147483647;
			files = (
			);
			runOnlyForDeploymentPostprocessing = 0;
		};
		FA18A31B28E8EBC0004A9392 /* Frameworks */ = {
			isa = PBXFrameworksBuildPhase;
			buildActionMask = 2147483647;
			files = (
			);
			runOnlyForDeploymentPostprocessing = 0;
		};
		FA18A32528E8EBC0004A9392 /* Frameworks */ = {
			isa = PBXFrameworksBuildPhase;
			buildActionMask = 2147483647;
			files = (
			);
			runOnlyForDeploymentPostprocessing = 0;
		};
/* End PBXFrameworksBuildPhase section */

/* Begin PBXGroup section */
		FA18A30028E8EBBB004A9392 = {
			isa = PBXGroup;
			children = (
				FA18A30B28E8EBBB004A9392 /* UserPosts */,
				FA18A32128E8EBC0004A9392 /* UserPostsTests */,
				FA18A32B28E8EBC0004A9392 /* UserPostsUITests */,
				FA18A30A28E8EBBB004A9392 /* Products */,
			);
			sourceTree = "<group>";
		};
		FA18A30A28E8EBBB004A9392 /* Products */ = {
			isa = PBXGroup;
			children = (
				FA18A30928E8EBBB004A9392 /* UserPosts.app */,
				FA18A31E28E8EBC0004A9392 /* UserPostsTests.xctest */,
				FA18A32828E8EBC0004A9392 /* UserPostsUITests.xctest */,
			);
			name = Products;
			sourceTree = "<group>";
		};
		FA18A30B28E8EBBB004A9392 /* UserPosts */ = {
			isa = PBXGroup;
			children = (
				FAF4B4C828E91B6B00F5F454 /* UI */,
				FA6C130D28E926C2008050D9 /* Framework */,
				FA6C130C28E926B5008050D9 /* Usecases */,
				FA6C130B28E9269E008050D9 /* Domain */,
				FA6C130A28E92699008050D9 /* Data */,
				FA18A30C28E8EBBB004A9392 /* UserPostsApp.swift */,
				FA18A31028E8EBC0004A9392 /* Assets.xcassets */,
				FA18A31528E8EBC0004A9392 /* Persistence.swift */,
				FA18A31728E8EBC0004A9392 /* UserPosts.xcdatamodeld */,
				FA18A31228E8EBC0004A9392 /* Preview Content */,
			);
			path = UserPosts;
			sourceTree = "<group>";
		};
		FA18A31228E8EBC0004A9392 /* Preview Content */ = {
			isa = PBXGroup;
			children = (
				FA18A31328E8EBC0004A9392 /* Preview Assets.xcassets */,
			);
			path = "Preview Content";
			sourceTree = "<group>";
		};
		FA18A32128E8EBC0004A9392 /* UserPostsTests */ = {
			isa = PBXGroup;
			children = (
				FA8EBD5528EA648D00D5FBB2 /* ViewModel */,
				FA8EBD5228EA620C00D5FBB2 /* UseCases */,
				FA8EBD4F28EA5E9100D5FBB2 /* Data */,
				FA8EBD4928EA581300D5FBB2 /* Framework */,
				FA18A32228E8EBC0004A9392 /* UserPostsTests.swift */,
			);
			path = UserPostsTests;
			sourceTree = "<group>";
		};
		FA18A32B28E8EBC0004A9392 /* UserPostsUITests */ = {
			isa = PBXGroup;
			children = (
				FA18A32C28E8EBC0004A9392 /* UserPostsUITests.swift */,
				FA18A32E28E8EBC0004A9392 /* UserPostsUITestsLaunchTests.swift */,
			);
			path = UserPostsUITests;
			sourceTree = "<group>";
		};
		FA6C130428E92464008050D9 /* Users */ = {
			isa = PBXGroup;
			children = (
				FA8EBD1C28EA094B00D5FBB2 /* ViewModel */,
				FA6C130928E924AC008050D9 /* Container */,
				FA6C130728E92481008050D9 /* Component */,
			);
			path = Users;
			sourceTree = "<group>";
		};
		FA6C130728E92481008050D9 /* Component */ = {
			isa = PBXGroup;
			children = (
				FA6C130528E9247C008050D9 /* UsersListView.swift */,
				FA8EBD1D28EA14E100D5FBB2 /* UserItemView.swift */,
			);
			path = Component;
			sourceTree = "<group>";
		};
		FA6C130928E924AC008050D9 /* Container */ = {
			isa = PBXGroup;
			children = (
				FA18A30E28E8EBBB004A9392 /* UsersView.swift */,
			);
			path = Container;
			sourceTree = "<group>";
		};
		FA6C130A28E92699008050D9 /* Data */ = {
			isa = PBXGroup;
			children = (
				FA6C130F28E926DF008050D9 /* DataSource */,
				FA6C130E28E926D8008050D9 /* Repository */,
				FA8EBD1528EA043400D5FBB2 /* RemoteError.swift */,
				FA8EBD4328EA43B200D5FBB2 /* LocalError.swift */,
			);
			path = Data;
			sourceTree = "<group>";
		};
		FA6C130B28E9269E008050D9 /* Domain */ = {
			isa = PBXGroup;
			children = (
				FA8EBD0428E9F55500D5FBB2 /* User.swift */,
				FA8EBD2128EA232100D5FBB2 /* UserPost.swift */,
			);
			path = Domain;
			sourceTree = "<group>";
		};
		FA6C130C28E926B5008050D9 /* Usecases */ = {
			isa = PBXGroup;
			children = (
				FA8EBD1A28EA087900D5FBB2 /* GetUsersFromRemoteUseCase.swift */,
				FA8EBD1F28EA22BF00D5FBB2 /* GetPostsOfUserRemoteUseCase.swift */,
				FA8EBD4528EA475500D5FBB2 /* GetUsersFromLocalUseCase.swift */,
				FA8EBD4728EA486800D5FBB2 /* SaveUsersToLocalUseCase.swift */,
			);
			path = Usecases;
			sourceTree = "<group>";
		};
		FA6C130D28E926C2008050D9 /* Framework */ = {
			isa = PBXGroup;
			children = (
				FA8EBD2828EA3CC100D5FBB2 /* CoreData */,
				FA6C131028E926E8008050D9 /* URLSession */,
			);
			path = Framework;
			sourceTree = "<group>";
		};
		FA6C130E28E926D8008050D9 /* Repository */ = {
			isa = PBXGroup;
			children = (
				FA8EBD0828E9F63000D5FBB2 /* UsersRepository.swift */,
			);
			path = Repository;
			sourceTree = "<group>";
		};
		FA6C130F28E926DF008050D9 /* DataSource */ = {
			isa = PBXGroup;
			children = (
				FA8EBD0628E9F61300D5FBB2 /* UsersRemoteDataSource.swift */,
				FA8EBD2A28EA3CEE00D5FBB2 /* UsersLocalDataSource.swift */,
			);
			path = DataSource;
			sourceTree = "<group>";
		};
		FA6C131028E926E8008050D9 /* URLSession */ = {
			isa = PBXGroup;
			children = (
				FA8EBD1428E9F8C400D5FBB2 /* Data */,
				FA8EBD0C28E9F69D00D5FBB2 /* URLSConstants.swift */,
				FA8EBD1028E9F76400D5FBB2 /* URLSEndpoints.swift */,
				FA8EBD1728EA04EC00D5FBB2 /* URLSBaseRequester.swift */,
			);
			path = URLSession;
			sourceTree = "<group>";
		};
		FA8EBCFD28E939A200D5FBB2 /* Post */ = {
			isa = PBXGroup;
			children = (
				FA8EBD2528EA34F200D5FBB2 /* ViewModel */,
				FA8EBCFF28E93E5F00D5FBB2 /* Container */,
				FA8EBCFE28E93E5800D5FBB2 /* Component */,
			);
			path = Post;
			sourceTree = "<group>";
		};
		FA8EBCFE28E93E5800D5FBB2 /* Component */ = {
			isa = PBXGroup;
			children = (
				FA8EBD0228E93E9B00D5FBB2 /* PostView.swift */,
				FA8EBD2328EA257300D5FBB2 /* PostsListView.swift */,
			);
			path = Component;
			sourceTree = "<group>";
		};
		FA8EBCFF28E93E5F00D5FBB2 /* Container */ = {
			isa = PBXGroup;
			children = (
				FA8EBD0028E93E9000D5FBB2 /* PostsUserView.swift */,
			);
			path = Container;
			sourceTree = "<group>";
		};
		FA8EBD1428E9F8C400D5FBB2 /* Data */ = {
			isa = PBXGroup;
			children = (
				FA8EBD0A28E9F67500D5FBB2 /* UsersURLSDataSource.swift */,
			);
			path = Data;
			sourceTree = "<group>";
		};
		FA8EBD1C28EA094B00D5FBB2 /* ViewModel */ = {
			isa = PBXGroup;
			children = (
				FA8EBCFB28E930F000D5FBB2 /* UsersViewModel.swift */,
			);
			path = ViewModel;
			sourceTree = "<group>";
		};
		FA8EBD2528EA34F200D5FBB2 /* ViewModel */ = {
			isa = PBXGroup;
			children = (
				FA8EBD2628EA350E00D5FBB2 /* PostsViewModel.swift */,
			);
			path = ViewModel;
			sourceTree = "<group>";
		};
		FA8EBD2828EA3CC100D5FBB2 /* CoreData */ = {
			isa = PBXGroup;
			children = (
				FA8EBD3C28EA412B00D5FBB2 /* Adapter */,
				FA8EBD3328EA404200D5FBB2 /* Domain */,
				FA8EBD2928EA3CD800D5FBB2 /* Data */,
			);
			path = CoreData;
			sourceTree = "<group>";
		};
		FA8EBD2928EA3CD800D5FBB2 /* Data */ = {
			isa = PBXGroup;
			children = (
				FA8EBD2C28EA3D4C00D5FBB2 /* UsersCoreDataDataSource.swift */,
			);
			path = Data;
			sourceTree = "<group>";
		};
		FA8EBD3328EA404200D5FBB2 /* Domain */ = {
			isa = PBXGroup;
			children = (
				FA8EBD3828EA40F400D5FBB2 /* UserCD+CoreDataClass.swift */,
				FA8EBD4128EA428C00D5FBB2 /* UserCD+CoreDataProperties.swift */,
			);
			path = Domain;
			sourceTree = "<group>";
		};
		FA8EBD3C28EA412B00D5FBB2 /* Adapter */ = {
			isa = PBXGroup;
			children = (
				FA8EBD3D28EA420100D5FBB2 /* UserAdapter.swift */,
			);
			path = Adapter;
			sourceTree = "<group>";
		};
		FA8EBD4928EA581300D5FBB2 /* Framework */ = {
			isa = PBXGroup;
			children = (
				FA8EBD4A28EA582300D5FBB2 /* URLSession */,
			);
			path = Framework;
			sourceTree = "<group>";
		};
		FA8EBD4A28EA582300D5FBB2 /* URLSession */ = {
			isa = PBXGroup;
			children = (
				FA8EBD4B28EA587100D5FBB2 /* UsersURLSDataSourceTests.swift */,
				FA8EBD4D28EA589800D5FBB2 /* URLSessionRequestsTests.swift */,
			);
			path = URLSession;
			sourceTree = "<group>";
		};
		FA8EBD4F28EA5E9100D5FBB2 /* Data */ = {
			isa = PBXGroup;
			children = (
				FA8EBD5028EA5EAE00D5FBB2 /* UsersRepositoryTests.swift */,
			);
			path = Data;
			sourceTree = "<group>";
		};
		FA8EBD5228EA620C00D5FBB2 /* UseCases */ = {
			isa = PBXGroup;
			children = (
				FA8EBD5328EA621D00D5FBB2 /* UseCasesTests.swift */,
			);
			path = UseCases;
			sourceTree = "<group>";
		};
		FA8EBD5528EA648D00D5FBB2 /* ViewModel */ = {
			isa = PBXGroup;
			children = (
				FA8EBD5628EA653E00D5FBB2 /* UsersViewModelTests.swift */,
				FA8EBD5828EA676700D5FBB2 /* PostsViewModelTests.swift */,
			);
			path = ViewModel;
			sourceTree = "<group>";
		};
		FAF4B4C828E91B6B00F5F454 /* UI */ = {
			isa = PBXGroup;
			children = (
				FA8EBCFD28E939A200D5FBB2 /* Post */,
				FA6C130428E92464008050D9 /* Users */,
			);
			path = UI;
			sourceTree = "<group>";
		};
/* End PBXGroup section */

/* Begin PBXNativeTarget section */
		FA18A30828E8EBBB004A9392 /* UserPosts */ = {
			isa = PBXNativeTarget;
			buildConfigurationList = FA18A33228E8EBC0004A9392 /* Build configuration list for PBXNativeTarget "UserPosts" */;
			buildPhases = (
				FA18A30528E8EBBB004A9392 /* Sources */,
				FA18A30628E8EBBB004A9392 /* Frameworks */,
				FA18A30728E8EBBB004A9392 /* Resources */,
			);
			buildRules = (
			);
			dependencies = (
			);
			name = UserPosts;
			productName = UserPosts;
			productReference = FA18A30928E8EBBB004A9392 /* UserPosts.app */;
			productType = "com.apple.product-type.application";
		};
		FA18A31D28E8EBC0004A9392 /* UserPostsTests */ = {
			isa = PBXNativeTarget;
			buildConfigurationList = FA18A33528E8EBC0004A9392 /* Build configuration list for PBXNativeTarget "UserPostsTests" */;
			buildPhases = (
				FA18A31A28E8EBC0004A9392 /* Sources */,
				FA18A31B28E8EBC0004A9392 /* Frameworks */,
				FA18A31C28E8EBC0004A9392 /* Resources */,
			);
			buildRules = (
			);
			dependencies = (
				FA18A32028E8EBC0004A9392 /* PBXTargetDependency */,
			);
			name = UserPostsTests;
			productName = UserPostsTests;
			productReference = FA18A31E28E8EBC0004A9392 /* UserPostsTests.xctest */;
			productType = "com.apple.product-type.bundle.unit-test";
		};
		FA18A32728E8EBC0004A9392 /* UserPostsUITests */ = {
			isa = PBXNativeTarget;
			buildConfigurationList = FA18A33828E8EBC0004A9392 /* Build configuration list for PBXNativeTarget "UserPostsUITests" */;
			buildPhases = (
				FA18A32428E8EBC0004A9392 /* Sources */,
				FA18A32528E8EBC0004A9392 /* Frameworks */,
				FA18A32628E8EBC0004A9392 /* Resources */,
			);
			buildRules = (
			);
			dependencies = (
				FA18A32A28E8EBC0004A9392 /* PBXTargetDependency */,
			);
			name = UserPostsUITests;
			productName = UserPostsUITests;
			productReference = FA18A32828E8EBC0004A9392 /* UserPostsUITests.xctest */;
			productType = "com.apple.product-type.bundle.ui-testing";
		};
/* End PBXNativeTarget section */

/* Begin PBXProject section */
		FA18A30128E8EBBB004A9392 /* Project object */ = {
			isa = PBXProject;
			attributes = {
				BuildIndependentTargetsInParallel = 1;
				LastSwiftUpdateCheck = 1340;
				LastUpgradeCheck = 1340;
				TargetAttributes = {
					FA18A30828E8EBBB004A9392 = {
						CreatedOnToolsVersion = 13.4.1;
					};
					FA18A31D28E8EBC0004A9392 = {
						CreatedOnToolsVersion = 13.4.1;
						TestTargetID = FA18A30828E8EBBB004A9392;
					};
					FA18A32728E8EBC0004A9392 = {
						CreatedOnToolsVersion = 13.4.1;
						TestTargetID = FA18A30828E8EBBB004A9392;
					};
				};
			};
			buildConfigurationList = FA18A30428E8EBBB004A9392 /* Build configuration list for PBXProject "UserPosts" */;
			compatibilityVersion = "Xcode 13.0";
			developmentRegion = en;
			hasScannedForEncodings = 0;
			knownRegions = (
				en,
				Base,
			);
			mainGroup = FA18A30028E8EBBB004A9392;
			productRefGroup = FA18A30A28E8EBBB004A9392 /* Products */;
			projectDirPath = "";
			projectRoot = "";
			targets = (
				FA18A30828E8EBBB004A9392 /* UserPosts */,
				FA18A31D28E8EBC0004A9392 /* UserPostsTests */,
				FA18A32728E8EBC0004A9392 /* UserPostsUITests */,
			);
		};
/* End PBXProject section */

/* Begin PBXResourcesBuildPhase section */
		FA18A30728E8EBBB004A9392 /* Resources */ = {
			isa = PBXResourcesBuildPhase;
			buildActionMask = 2147483647;
			files = (
				FA18A31428E8EBC0004A9392 /* Preview Assets.xcassets in Resources */,
				FA18A31128E8EBC0004A9392 /* Assets.xcassets in Resources */,
			);
			runOnlyForDeploymentPostprocessing = 0;
		};
		FA18A31C28E8EBC0004A9392 /* Resources */ = {
			isa = PBXResourcesBuildPhase;
			buildActionMask = 2147483647;
			files = (
			);
			runOnlyForDeploymentPostprocessing = 0;
		};
		FA18A32628E8EBC0004A9392 /* Resources */ = {
			isa = PBXResourcesBuildPhase;
			buildActionMask = 2147483647;
			files = (
			);
			runOnlyForDeploymentPostprocessing = 0;
		};
/* End PBXResourcesBuildPhase section */

/* Begin PBXSourcesBuildPhase section */
		FA18A30528E8EBBB004A9392 /* Sources */ = {
			isa = PBXSourcesBuildPhase;
			buildActionMask = 2147483647;
			files = (
				FA8EBD4628EA475500D5FBB2 /* GetUsersFromLocalUseCase.swift in Sources */,
				FA8EBD4428EA43B200D5FBB2 /* LocalError.swift in Sources */,
				FA8EBD2B28EA3CEE00D5FBB2 /* UsersLocalDataSource.swift in Sources */,
				FA8EBD3A28EA40F400D5FBB2 /* UserCD+CoreDataClass.swift in Sources */,
				FA8EBD2028EA22BF00D5FBB2 /* GetPostsOfUserRemoteUseCase.swift in Sources */,
				FA18A31628E8EBC0004A9392 /* Persistence.swift in Sources */,
				FA8EBD1128E9F76400D5FBB2 /* URLSEndpoints.swift in Sources */,
				FA8EBCFC28E930F000D5FBB2 /* UsersViewModel.swift in Sources */,
				FA8EBD0B28E9F67500D5FBB2 /* UsersURLSDataSource.swift in Sources */,
				FA8EBD3E28EA420100D5FBB2 /* UserAdapter.swift in Sources */,
				FA8EBD0328E93E9B00D5FBB2 /* PostView.swift in Sources */,
				FA8EBD0728E9F61300D5FBB2 /* UsersRemoteDataSource.swift in Sources */,
				FA18A30F28E8EBBB004A9392 /* UsersView.swift in Sources */,
				FA8EBD1628EA043400D5FBB2 /* RemoteError.swift in Sources */,
				FA8EBD4828EA486800D5FBB2 /* SaveUsersToLocalUseCase.swift in Sources */,
				FA8EBD1E28EA14E100D5FBB2 /* UserItemView.swift in Sources */,
				FA6C130628E9247C008050D9 /* UsersListView.swift in Sources */,
				FA8EBD0528E9F55500D5FBB2 /* User.swift in Sources */,
				FA18A31928E8EBC0004A9392 /* UserPosts.xcdatamodeld in Sources */,
				FA8EBD1B28EA087900D5FBB2 /* GetUsersFromRemoteUseCase.swift in Sources */,
				FA8EBD2428EA257300D5FBB2 /* PostsListView.swift in Sources */,
				FA8EBD2D28EA3D4C00D5FBB2 /* UsersCoreDataDataSource.swift in Sources */,
				FA8EBD2228EA232100D5FBB2 /* UserPost.swift in Sources */,
				FA8EBD1828EA04EC00D5FBB2 /* URLSBaseRequester.swift in Sources */,
				FA8EBD0D28E9F69D00D5FBB2 /* URLSConstants.swift in Sources */,
				FA8EBD4228EA428C00D5FBB2 /* UserCD+CoreDataProperties.swift in Sources */,
				FA8EBD2728EA350E00D5FBB2 /* PostsViewModel.swift in Sources */,
				FA18A30D28E8EBBB004A9392 /* UserPostsApp.swift in Sources */,
				FA8EBD0928E9F63000D5FBB2 /* UsersRepository.swift in Sources */,
				FA8EBD0128E93E9000D5FBB2 /* PostsUserView.swift in Sources */,
			);
			runOnlyForDeploymentPostprocessing = 0;
		};
		FA18A31A28E8EBC0004A9392 /* Sources */ = {
			isa = PBXSourcesBuildPhase;
			buildActionMask = 2147483647;
			files = (
				FA8EBD4E28EA589800D5FBB2 /* URLSessionRequestsTests.swift in Sources */,
				FA8EBD5728EA653E00D5FBB2 /* UsersViewModelTests.swift in Sources */,
				FA18A32328E8EBC0004A9392 /* UserPostsTests.swift in Sources */,
				FA8EBD5128EA5EAE00D5FBB2 /* UsersRepositoryTests.swift in Sources */,
				FA8EBD5428EA621D00D5FBB2 /* UseCasesTests.swift in Sources */,
				FA8EBD5928EA676700D5FBB2 /* PostsViewModelTests.swift in Sources */,
				FA8EBD4C28EA587100D5FBB2 /* UsersURLSDataSourceTests.swift in Sources */,
			);
			runOnlyForDeploymentPostprocessing = 0;
		};
		FA18A32428E8EBC0004A9392 /* Sources */ = {
			isa = PBXSourcesBuildPhase;
			buildActionMask = 2147483647;
			files = (
				FA18A32D28E8EBC0004A9392 /* UserPostsUITests.swift in Sources */,
				FA18A32F28E8EBC0004A9392 /* UserPostsUITestsLaunchTests.swift in Sources */,
			);
			runOnlyForDeploymentPostprocessing = 0;
		};
/* End PBXSourcesBuildPhase section */

/* Begin PBXTargetDependency section */
		FA18A32028E8EBC0004A9392 /* PBXTargetDependency */ = {
			isa = PBXTargetDependency;
			target = FA18A30828E8EBBB004A9392 /* UserPosts */;
			targetProxy = FA18A31F28E8EBC0004A9392 /* PBXContainerItemProxy */;
		};
		FA18A32A28E8EBC0004A9392 /* PBXTargetDependency */ = {
			isa = PBXTargetDependency;
			target = FA18A30828E8EBBB004A9392 /* UserPosts */;
			targetProxy = FA18A32928E8EBC0004A9392 /* PBXContainerItemProxy */;
		};
/* End PBXTargetDependency section */

/* Begin XCBuildConfiguration section */
		FA18A33028E8EBC0004A9392 /* Debug */ = {
			isa = XCBuildConfiguration;
			buildSettings = {
				ALWAYS_SEARCH_USER_PATHS = NO;
				CLANG_ANALYZER_NONNULL = YES;
				CLANG_ANALYZER_NUMBER_OBJECT_CONVERSION = YES_AGGRESSIVE;
				CLANG_CXX_LANGUAGE_STANDARD = "gnu++17";
				CLANG_ENABLE_MODULES = YES;
				CLANG_ENABLE_OBJC_ARC = YES;
				CLANG_ENABLE_OBJC_WEAK = YES;
				CLANG_WARN_BLOCK_CAPTURE_AUTORELEASING = YES;
				CLANG_WARN_BOOL_CONVERSION = YES;
				CLANG_WARN_COMMA = YES;
				CLANG_WARN_CONSTANT_CONVERSION = YES;
				CLANG_WARN_DEPRECATED_OBJC_IMPLEMENTATIONS = YES;
				CLANG_WARN_DIRECT_OBJC_ISA_USAGE = YES_ERROR;
				CLANG_WARN_DOCUMENTATION_COMMENTS = YES;
				CLANG_WARN_EMPTY_BODY = YES;
				CLANG_WARN_ENUM_CONVERSION = YES;
				CLANG_WARN_INFINITE_RECURSION = YES;
				CLANG_WARN_INT_CONVERSION = YES;
				CLANG_WARN_NON_LITERAL_NULL_CONVERSION = YES;
				CLANG_WARN_OBJC_IMPLICIT_RETAIN_SELF = YES;
				CLANG_WARN_OBJC_LITERAL_CONVERSION = YES;
				CLANG_WARN_OBJC_ROOT_CLASS = YES_ERROR;
				CLANG_WARN_QUOTED_INCLUDE_IN_FRAMEWORK_HEADER = YES;
				CLANG_WARN_RANGE_LOOP_ANALYSIS = YES;
				CLANG_WARN_STRICT_PROTOTYPES = YES;
				CLANG_WARN_SUSPICIOUS_MOVE = YES;
				CLANG_WARN_UNGUARDED_AVAILABILITY = YES_AGGRESSIVE;
				CLANG_WARN_UNREACHABLE_CODE = YES;
				CLANG_WARN__DUPLICATE_METHOD_MATCH = YES;
				COPY_PHASE_STRIP = NO;
				DEBUG_INFORMATION_FORMAT = dwarf;
				ENABLE_STRICT_OBJC_MSGSEND = YES;
				ENABLE_TESTABILITY = YES;
				GCC_C_LANGUAGE_STANDARD = gnu11;
				GCC_DYNAMIC_NO_PIC = NO;
				GCC_NO_COMMON_BLOCKS = YES;
				GCC_OPTIMIZATION_LEVEL = 0;
				GCC_PREPROCESSOR_DEFINITIONS = (
					"DEBUG=1",
					"$(inherited)",
				);
				GCC_WARN_64_TO_32_BIT_CONVERSION = YES;
				GCC_WARN_ABOUT_RETURN_TYPE = YES_ERROR;
				GCC_WARN_UNDECLARED_SELECTOR = YES;
				GCC_WARN_UNINITIALIZED_AUTOS = YES_AGGRESSIVE;
				GCC_WARN_UNUSED_FUNCTION = YES;
				GCC_WARN_UNUSED_VARIABLE = YES;
				IPHONEOS_DEPLOYMENT_TARGET = 15.5;
				MTL_ENABLE_DEBUG_INFO = INCLUDE_SOURCE;
				MTL_FAST_MATH = YES;
				ONLY_ACTIVE_ARCH = YES;
				SDKROOT = iphoneos;
				SWIFT_ACTIVE_COMPILATION_CONDITIONS = DEBUG;
				SWIFT_OPTIMIZATION_LEVEL = "-Onone";
			};
			name = Debug;
		};
		FA18A33128E8EBC0004A9392 /* Release */ = {
			isa = XCBuildConfiguration;
			buildSettings = {
				ALWAYS_SEARCH_USER_PATHS = NO;
				CLANG_ANALYZER_NONNULL = YES;
				CLANG_ANALYZER_NUMBER_OBJECT_CONVERSION = YES_AGGRESSIVE;
				CLANG_CXX_LANGUAGE_STANDARD = "gnu++17";
				CLANG_ENABLE_MODULES = YES;
				CLANG_ENABLE_OBJC_ARC = YES;
				CLANG_ENABLE_OBJC_WEAK = YES;
				CLANG_WARN_BLOCK_CAPTURE_AUTORELEASING = YES;
				CLANG_WARN_BOOL_CONVERSION = YES;
				CLANG_WARN_COMMA = YES;
				CLANG_WARN_CONSTANT_CONVERSION = YES;
				CLANG_WARN_DEPRECATED_OBJC_IMPLEMENTATIONS = YES;
				CLANG_WARN_DIRECT_OBJC_ISA_USAGE = YES_ERROR;
				CLANG_WARN_DOCUMENTATION_COMMENTS = YES;
				CLANG_WARN_EMPTY_BODY = YES;
				CLANG_WARN_ENUM_CONVERSION = YES;
				CLANG_WARN_INFINITE_RECURSION = YES;
				CLANG_WARN_INT_CONVERSION = YES;
				CLANG_WARN_NON_LITERAL_NULL_CONVERSION = YES;
				CLANG_WARN_OBJC_IMPLICIT_RETAIN_SELF = YES;
				CLANG_WARN_OBJC_LITERAL_CONVERSION = YES;
				CLANG_WARN_OBJC_ROOT_CLASS = YES_ERROR;
				CLANG_WARN_QUOTED_INCLUDE_IN_FRAMEWORK_HEADER = YES;
				CLANG_WARN_RANGE_LOOP_ANALYSIS = YES;
				CLANG_WARN_STRICT_PROTOTYPES = YES;
				CLANG_WARN_SUSPICIOUS_MOVE = YES;
				CLANG_WARN_UNGUARDED_AVAILABILITY = YES_AGGRESSIVE;
				CLANG_WARN_UNREACHABLE_CODE = YES;
				CLANG_WARN__DUPLICATE_METHOD_MATCH = YES;
				COPY_PHASE_STRIP = NO;
				DEBUG_INFORMATION_FORMAT = "dwarf-with-dsym";
				ENABLE_NS_ASSERTIONS = NO;
				ENABLE_STRICT_OBJC_MSGSEND = YES;
				GCC_C_LANGUAGE_STANDARD = gnu11;
				GCC_NO_COMMON_BLOCKS = YES;
				GCC_WARN_64_TO_32_BIT_CONVERSION = YES;
				GCC_WARN_ABOUT_RETURN_TYPE = YES_ERROR;
				GCC_WARN_UNDECLARED_SELECTOR = YES;
				GCC_WARN_UNINITIALIZED_AUTOS = YES_AGGRESSIVE;
				GCC_WARN_UNUSED_FUNCTION = YES;
				GCC_WARN_UNUSED_VARIABLE = YES;
				IPHONEOS_DEPLOYMENT_TARGET = 15.5;
				MTL_ENABLE_DEBUG_INFO = NO;
				MTL_FAST_MATH = YES;
				SDKROOT = iphoneos;
				SWIFT_COMPILATION_MODE = wholemodule;
				SWIFT_OPTIMIZATION_LEVEL = "-O";
				VALIDATE_PRODUCT = YES;
			};
			name = Release;
		};
		FA18A33328E8EBC0004A9392 /* Debug */ = {
			isa = XCBuildConfiguration;
			buildSettings = {
				ASSETCATALOG_COMPILER_APPICON_NAME = AppIcon;
				ASSETCATALOG_COMPILER_GLOBAL_ACCENT_COLOR_NAME = AccentColor;
				CODE_SIGN_STYLE = Automatic;
				CURRENT_PROJECT_VERSION = 1;
				DEVELOPMENT_ASSET_PATHS = "\"UserPosts/Preview Content\"";
				DEVELOPMENT_TEAM = XWAC9ZNNPB;
				ENABLE_PREVIEWS = YES;
				GENERATE_INFOPLIST_FILE = YES;
				INFOPLIST_KEY_UIApplicationSceneManifest_Generation = YES;
				INFOPLIST_KEY_UIApplicationSupportsIndirectInputEvents = YES;
				INFOPLIST_KEY_UILaunchScreen_Generation = YES;
				INFOPLIST_KEY_UISupportedInterfaceOrientations_iPad = "UIInterfaceOrientationPortrait UIInterfaceOrientationPortraitUpsideDown UIInterfaceOrientationLandscapeLeft UIInterfaceOrientationLandscapeRight";
				INFOPLIST_KEY_UISupportedInterfaceOrientations_iPhone = "UIInterfaceOrientationPortrait UIInterfaceOrientationLandscapeLeft UIInterfaceOrientationLandscapeRight";
				LD_RUNPATH_SEARCH_PATHS = (
					"$(inherited)",
					"@executable_path/Frameworks",
				);
				MARKETING_VERSION = 1.0;
				PRODUCT_BUNDLE_IDENTIFIER = com.iramml.UserPosts;
				PRODUCT_NAME = "$(TARGET_NAME)";
				SWIFT_EMIT_LOC_STRINGS = YES;
				SWIFT_VERSION = 5.0;
				TARGETED_DEVICE_FAMILY = "1,2";
			};
			name = Debug;
		};
		FA18A33428E8EBC0004A9392 /* Release */ = {
			isa = XCBuildConfiguration;
			buildSettings = {
				ASSETCATALOG_COMPILER_APPICON_NAME = AppIcon;
				ASSETCATALOG_COMPILER_GLOBAL_ACCENT_COLOR_NAME = AccentColor;
				CODE_SIGN_STYLE = Automatic;
				CURRENT_PROJECT_VERSION = 1;
				DEVELOPMENT_ASSET_PATHS = "\"UserPosts/Preview Content\"";
				DEVELOPMENT_TEAM = XWAC9ZNNPB;
				ENABLE_PREVIEWS = YES;
				GENERATE_INFOPLIST_FILE = YES;
				INFOPLIST_KEY_UIApplicationSceneManifest_Generation = YES;
				INFOPLIST_KEY_UIApplicationSupportsIndirectInputEvents = YES;
				INFOPLIST_KEY_UILaunchScreen_Generation = YES;
				INFOPLIST_KEY_UISupportedInterfaceOrientations_iPad = "UIInterfaceOrientationPortrait UIInterfaceOrientationPortraitUpsideDown UIInterfaceOrientationLandscapeLeft UIInterfaceOrientationLandscapeRight";
				INFOPLIST_KEY_UISupportedInterfaceOrientations_iPhone = "UIInterfaceOrientationPortrait UIInterfaceOrientationLandscapeLeft UIInterfaceOrientationLandscapeRight";
				LD_RUNPATH_SEARCH_PATHS = (
					"$(inherited)",
					"@executable_path/Frameworks",
				);
				MARKETING_VERSION = 1.0;
				PRODUCT_BUNDLE_IDENTIFIER = com.iramml.UserPosts;
				PRODUCT_NAME = "$(TARGET_NAME)";
				SWIFT_EMIT_LOC_STRINGS = YES;
				SWIFT_VERSION = 5.0;
				TARGETED_DEVICE_FAMILY = "1,2";
			};
			name = Release;
		};
		FA18A33628E8EBC0004A9392 /* Debug */ = {
			isa = XCBuildConfiguration;
			buildSettings = {
				ALWAYS_EMBED_SWIFT_STANDARD_LIBRARIES = YES;
				BUNDLE_LOADER = "$(TEST_HOST)";
				CODE_SIGN_STYLE = Automatic;
				CURRENT_PROJECT_VERSION = 1;
				DEVELOPMENT_TEAM = XWAC9ZNNPB;
				GENERATE_INFOPLIST_FILE = YES;
				IPHONEOS_DEPLOYMENT_TARGET = 15.5;
				MARKETING_VERSION = 1.0;
				PRODUCT_BUNDLE_IDENTIFIER = com.iramml.UserPostsTests;
				PRODUCT_NAME = "$(TARGET_NAME)";
				SWIFT_EMIT_LOC_STRINGS = NO;
				SWIFT_VERSION = 5.0;
				TARGETED_DEVICE_FAMILY = "1,2";
				TEST_HOST = "$(BUILT_PRODUCTS_DIR)/UserPosts.app/UserPosts";
			};
			name = Debug;
		};
		FA18A33728E8EBC0004A9392 /* Release */ = {
			isa = XCBuildConfiguration;
			buildSettings = {
				ALWAYS_EMBED_SWIFT_STANDARD_LIBRARIES = YES;
				BUNDLE_LOADER = "$(TEST_HOST)";
				CODE_SIGN_STYLE = Automatic;
				CURRENT_PROJECT_VERSION = 1;
				DEVELOPMENT_TEAM = XWAC9ZNNPB;
				GENERATE_INFOPLIST_FILE = YES;
				IPHONEOS_DEPLOYMENT_TARGET = 15.5;
				MARKETING_VERSION = 1.0;
				PRODUCT_BUNDLE_IDENTIFIER = com.iramml.UserPostsTests;
				PRODUCT_NAME = "$(TARGET_NAME)";
				SWIFT_EMIT_LOC_STRINGS = NO;
				SWIFT_VERSION = 5.0;
				TARGETED_DEVICE_FAMILY = "1,2";
				TEST_HOST = "$(BUILT_PRODUCTS_DIR)/UserPosts.app/UserPosts";
			};
			name = Release;
		};
		FA18A33928E8EBC0004A9392 /* Debug */ = {
			isa = XCBuildConfiguration;
			buildSettings = {
				ALWAYS_EMBED_SWIFT_STANDARD_LIBRARIES = YES;
				CODE_SIGN_STYLE = Automatic;
				CURRENT_PROJECT_VERSION = 1;
				DEVELOPMENT_TEAM = XWAC9ZNNPB;
				GENERATE_INFOPLIST_FILE = YES;
				MARKETING_VERSION = 1.0;
				PRODUCT_BUNDLE_IDENTIFIER = com.iramml.UserPostsUITests;
				PRODUCT_NAME = "$(TARGET_NAME)";
				SWIFT_EMIT_LOC_STRINGS = NO;
				SWIFT_VERSION = 5.0;
				TARGETED_DEVICE_FAMILY = "1,2";
				TEST_TARGET_NAME = UserPosts;
			};
			name = Debug;
		};
		FA18A33A28E8EBC0004A9392 /* Release */ = {
			isa = XCBuildConfiguration;
			buildSettings = {
				ALWAYS_EMBED_SWIFT_STANDARD_LIBRARIES = YES;
				CODE_SIGN_STYLE = Automatic;
				CURRENT_PROJECT_VERSION = 1;
				DEVELOPMENT_TEAM = XWAC9ZNNPB;
				GENERATE_INFOPLIST_FILE = YES;
				MARKETING_VERSION = 1.0;
				PRODUCT_BUNDLE_IDENTIFIER = com.iramml.UserPostsUITests;
				PRODUCT_NAME = "$(TARGET_NAME)";
				SWIFT_EMIT_LOC_STRINGS = NO;
				SWIFT_VERSION = 5.0;
				TARGETED_DEVICE_FAMILY = "1,2";
				TEST_TARGET_NAME = UserPosts;
			};
			name = Release;
		};
/* End XCBuildConfiguration section */

/* Begin XCConfigurationList section */
		FA18A30428E8EBBB004A9392 /* Build configuration list for PBXProject "UserPosts" */ = {
			isa = XCConfigurationList;
			buildConfigurations = (
				FA18A33028E8EBC0004A9392 /* Debug */,
				FA18A33128E8EBC0004A9392 /* Release */,
			);
			defaultConfigurationIsVisible = 0;
			defaultConfigurationName = Release;
		};
		FA18A33228E8EBC0004A9392 /* Build configuration list for PBXNativeTarget "UserPosts" */ = {
			isa = XCConfigurationList;
			buildConfigurations = (
				FA18A33328E8EBC0004A9392 /* Debug */,
				FA18A33428E8EBC0004A9392 /* Release */,
			);
			defaultConfigurationIsVisible = 0;
			defaultConfigurationName = Release;
		};
		FA18A33528E8EBC0004A9392 /* Build configuration list for PBXNativeTarget "UserPostsTests" */ = {
			isa = XCConfigurationList;
			buildConfigurations = (
				FA18A33628E8EBC0004A9392 /* Debug */,
				FA18A33728E8EBC0004A9392 /* Release */,
			);
			defaultConfigurationIsVisible = 0;
			defaultConfigurationName = Release;
		};
		FA18A33828E8EBC0004A9392 /* Build configuration list for PBXNativeTarget "UserPostsUITests" */ = {
			isa = XCConfigurationList;
			buildConfigurations = (
				FA18A33928E8EBC0004A9392 /* Debug */,
				FA18A33A28E8EBC0004A9392 /* Release */,
			);
			defaultConfigurationIsVisible = 0;
			defaultConfigurationName = Release;
		};
/* End XCConfigurationList section */

/* Begin XCVersionGroup section */
		FA18A31728E8EBC0004A9392 /* UserPosts.xcdatamodeld */ = {
			isa = XCVersionGroup;
			children = (
				FA18A31828E8EBC0004A9392 /* UserPosts.xcdatamodel */,
			);
			currentVersion = FA18A31828E8EBC0004A9392 /* UserPosts.xcdatamodel */;
			path = UserPosts.xcdatamodeld;
			sourceTree = "<group>";
			versionGroupType = wrapper.xcdatamodel;
		};
/* End XCVersionGroup section */
	};
	rootObject = FA18A30128E8EBBB004A9392 /* Project object */;
}
